// !$*UTF8*$!
{
	archiveVersion = 1;
	classes = {
	};
	objectVersion = 77;
	objects = {

/* Begin PBXBuildFile section */
		760927BE2E199B6800434A41 /* Apollo in Frameworks */ = {isa = PBXBuildFile; productRef = 760927BD2E199B6800434A41 /* Apollo */; };
		760927C02E199B6800434A41 /* ApolloAPI in Frameworks */ = {isa = PBXBuildFile; productRef = 760927BF2E199B6800434A41 /* ApolloAPI */; };
		76137E492E1B9EDF003746F3 /* JourniaryAPI in Frameworks */ = {isa = PBXBuildFile; productRef = 762934A92E1AF2840007B6E0 /* JourniaryAPI */; };
		761D65332E1838B40096E863 /* schema.graphqls in Resources */ = {isa = PBXBuildFile; fileRef = 761D65302E1838B40096E863 /* schema.graphqls */; };
		761D65352E1838B40096E863 /* UserLogin.graphql in Resources */ = {isa = PBXBuildFile; fileRef = 761D65312E1838B40096E863 /* UserLogin.graphql */; };
		765555A22E19B6B800434A41 /* KeychainSwift in Frameworks */ = {isa = PBXBuildFile; productRef = 765555A12E19B6B800434A41 /* KeychainSwift */; };
/* End PBXBuildFile section */

/* Begin PBXContainerItemProxy section */
		761954EA2DF57EB7003E92C7 /* PBXContainerItemProxy */ = {
			isa = PBXContainerItemProxy;
			containerPortal = 761954CD2DF57EB6003E92C7 /* Project object */;
			proxyType = 1;
			remoteGlobalIDString = 761954D42DF57EB6003E92C7;
			remoteInfo = Journiary;
		};
		761954F42DF57EB7003E92C7 /* PBXContainerItemProxy */ = {
			isa = PBXContainerItemProxy;
			containerPortal = 761954CD2DF57EB6003E92C7 /* Project object */;
			proxyType = 1;
			remoteGlobalIDString = 761954D42DF57EB6003E92C7;
			remoteInfo = Journiary;
		};
/* End PBXContainerItemProxy section */

/* Begin PBXFileReference section */
		761954D52DF57EB6003E92C7 /* Journiary.app */ = {isa = PBXFileReference; explicitFileType = wrapper.application; includeInIndex = 0; path = Journiary.app; sourceTree = BUILT_PRODUCTS_DIR; };
		761954E92DF57EB7003E92C7 /* JourniaryTests.xctest */ = {isa = PBXFileReference; explicitFileType = wrapper.cfbundle; includeInIndex = 0; path = JourniaryTests.xctest; sourceTree = BUILT_PRODUCTS_DIR; };
		761954F32DF57EB7003E92C7 /* JourniaryUITests.xctest */ = {isa = PBXFileReference; explicitFileType = wrapper.cfbundle; includeInIndex = 0; path = JourniaryUITests.xctest; sourceTree = BUILT_PRODUCTS_DIR; };
		761D652F2E1838B40096E863 /* apollo-codegen-config.json */ = {isa = PBXFileReference; lastKnownFileType = text.json; path = "apollo-codegen-config.json"; sourceTree = "<group>"; };
		761D65302E1838B40096E863 /* schema.graphqls */ = {isa = PBXFileReference; lastKnownFileType = text; path = schema.graphqls; sourceTree = "<group>"; };
		761D65312E1838B40096E863 /* UserLogin.graphql */ = {isa = PBXFileReference; lastKnownFileType = text; path = UserLogin.graphql; sourceTree = "<group>"; };
		762934A72E1AF2830007B6E0 /* JourniaryAPI */ = {isa = PBXFileReference; lastKnownFileType = wrapper; path = JourniaryAPI; sourceTree = "<group>"; };
/* End PBXFileReference section */

/* Begin PBXFileSystemSynchronizedBuildFileExceptionSet section */
		761954FB2DF57EB7003E92C7 /* Exceptions for "Journiary" folder in "Journiary" target */ = {
			isa = PBXFileSystemSynchronizedBuildFileExceptionSet;
			membershipExceptions = (
				Info.plist,
			);
			target = 761954D42DF57EB6003E92C7 /* Journiary */;
		};
/* End PBXFileSystemSynchronizedBuildFileExceptionSet section */

/* Begin PBXFileSystemSynchronizedRootGroup section */
		761954D72DF57EB6003E92C7 /* Journiary */ = {
			isa = PBXFileSystemSynchronizedRootGroup;
			exceptions = (
				761954FB2DF57EB7003E92C7 /* Exceptions for "Journiary" folder in "Journiary" target */,
			);
			path = Journiary;
			sourceTree = "<group>";
		};
		761954EC2DF57EB7003E92C7 /* JourniaryTests */ = {
			isa = PBXFileSystemSynchronizedRootGroup;
			path = JourniaryTests;
			sourceTree = "<group>";
		};
		761954F62DF57EB7003E92C7 /* JourniaryUITests */ = {
			isa = PBXFileSystemSynchronizedRootGroup;
			path = JourniaryUITests;
			sourceTree = "<group>";
		};
/* End PBXFileSystemSynchronizedRootGroup section */

/* Begin PBXFrameworksBuildPhase section */
		761954D22DF57EB6003E92C7 /* Frameworks */ = {
			isa = PBXFrameworksBuildPhase;
			buildActionMask = 2147483647;
			files = (
				76137E492E1B9EDF003746F3 /* JourniaryAPI in Frameworks */,
				765555A22E19B6B800434A41 /* KeychainSwift in Frameworks */,
				760927C02E199B6800434A41 /* ApolloAPI in Frameworks */,
				760927BE2E199B6800434A41 /* Apollo in Frameworks */,
			);
			runOnlyForDeploymentPostprocessing = 0;
		};
		761954E62DF57EB7003E92C7 /* Frameworks */ = {
			isa = PBXFrameworksBuildPhase;
			buildActionMask = 2147483647;
			files = (
			);
			runOnlyForDeploymentPostprocessing = 0;
		};
		761954F02DF57EB7003E92C7 /* Frameworks */ = {
			isa = PBXFrameworksBuildPhase;
			buildActionMask = 2147483647;
			files = (
			);
			runOnlyForDeploymentPostprocessing = 0;
		};
/* End PBXFrameworksBuildPhase section */

/* Begin PBXGroup section */
		761954CC2DF57EB6003E92C7 = {
			isa = PBXGroup;
			children = (
				761954D72DF57EB6003E92C7 /* Journiary */,
				761954EC2DF57EB7003E92C7 /* JourniaryTests */,
				761954F62DF57EB7003E92C7 /* JourniaryUITests */,
				761954D62DF57EB6003E92C7 /* Products */,
				761D65322E1838B40096E863 /* graphql */,
				762934A62E1AF2830007B6E0 /* Frameworks */,
			);
			sourceTree = "<group>";
		};
		761954D62DF57EB6003E92C7 /* Products */ = {
			isa = PBXGroup;
			children = (
				761954D52DF57EB6003E92C7 /* Journiary.app */,
				761954E92DF57EB7003E92C7 /* JourniaryTests.xctest */,
				761954F32DF57EB7003E92C7 /* JourniaryUITests.xctest */,
			);
			name = Products;
			sourceTree = "<group>";
		};
		761D65322E1838B40096E863 /* graphql */ = {
			isa = PBXGroup;
			children = (
				761D652F2E1838B40096E863 /* apollo-codegen-config.json */,
				761D65302E1838B40096E863 /* schema.graphqls */,
				761D65312E1838B40096E863 /* UserLogin.graphql */,
			);
			path = graphql;
			sourceTree = "<group>";
		};
		762934A62E1AF2830007B6E0 /* Frameworks */ = {
			isa = PBXGroup;
			children = (
				762934A72E1AF2830007B6E0 /* JourniaryAPI */,
			);
			name = Frameworks;
			sourceTree = "<group>";
		};
/* End PBXGroup section */

/* Begin PBXNativeTarget section */
		761954D42DF57EB6003E92C7 /* Journiary */ = {
			isa = PBXNativeTarget;
			buildConfigurationList = 761954FC2DF57EB7003E92C7 /* Build configuration list for PBXNativeTarget "Journiary" */;
			buildPhases = (
				764717032E199C32006B80E0 /* Apollo Script */,
				761954D12DF57EB6003E92C7 /* Sources */,
				761954D22DF57EB6003E92C7 /* Frameworks */,
				761954D32DF57EB6003E92C7 /* Resources */,
			);
			buildRules = (
			);
			dependencies = (
			);
			fileSystemSynchronizedGroups = (
				761954D72DF57EB6003E92C7 /* Journiary */,
			);
			name = Journiary;
			packageProductDependencies = (
				765555A12E19B6B800434A41 /* KeychainSwift */,
				760927BD2E199B6800434A41 /* Apollo */,
				760927BF2E199B6800434A41 /* ApolloAPI */,
				762934A92E1AF2840007B6E0 /* JourniaryAPI */,
			);
			productName = Journiary;
			productReference = 761954D52DF57EB6003E92C7 /* Journiary.app */;
			productType = "com.apple.product-type.application";
		};
		761954E82DF57EB7003E92C7 /* JourniaryTests */ = {
			isa = PBXNativeTarget;
			buildConfigurationList = 761955012DF57EB7003E92C7 /* Build configuration list for PBXNativeTarget "JourniaryTests" */;
			buildPhases = (
				761954E52DF57EB7003E92C7 /* Sources */,
				761954E62DF57EB7003E92C7 /* Frameworks */,
				761954E72DF57EB7003E92C7 /* Resources */,
			);
			buildRules = (
			);
			dependencies = (
				761954EB2DF57EB7003E92C7 /* PBXTargetDependency */,
			);
			fileSystemSynchronizedGroups = (
				761954EC2DF57EB7003E92C7 /* JourniaryTests */,
			);
			name = JourniaryTests;
			packageProductDependencies = (
			);
			productName = JourniaryTests;
			productReference = 761954E92DF57EB7003E92C7 /* JourniaryTests.xctest */;
			productType = "com.apple.product-type.bundle.unit-test";
		};
		761954F22DF57EB7003E92C7 /* JourniaryUITests */ = {
			isa = PBXNativeTarget;
			buildConfigurationList = 761955042DF57EB7003E92C7 /* Build configuration list for PBXNativeTarget "JourniaryUITests" */;
			buildPhases = (
				761954EF2DF57EB7003E92C7 /* Sources */,
				761954F02DF57EB7003E92C7 /* Frameworks */,
				761954F12DF57EB7003E92C7 /* Resources */,
			);
			buildRules = (
			);
			dependencies = (
				761954F52DF57EB7003E92C7 /* PBXTargetDependency */,
			);
			fileSystemSynchronizedGroups = (
				761954F62DF57EB7003E92C7 /* JourniaryUITests */,
			);
			name = JourniaryUITests;
			packageProductDependencies = (
			);
			productName = JourniaryUITests;
			productReference = 761954F32DF57EB7003E92C7 /* JourniaryUITests.xctest */;
			productType = "com.apple.product-type.bundle.ui-testing";
		};
/* End PBXNativeTarget section */

/* Begin PBXProject section */
		761954CD2DF57EB6003E92C7 /* Project object */ = {
			isa = PBXProject;
			attributes = {
				BuildIndependentTargetsInParallel = 1;
				LastSwiftUpdateCheck = 1640;
				LastUpgradeCheck = 1640;
				TargetAttributes = {
					761954D42DF57EB6003E92C7 = {
						CreatedOnToolsVersion = 16.4;
					};
					761954E82DF57EB7003E92C7 = {
						CreatedOnToolsVersion = 16.4;
						TestTargetID = 761954D42DF57EB6003E92C7;
					};
					761954F22DF57EB7003E92C7 = {
						CreatedOnToolsVersion = 16.4;
						TestTargetID = 761954D42DF57EB6003E92C7;
					};
				};
			};
			buildConfigurationList = 761954D02DF57EB6003E92C7 /* Build configuration list for PBXProject "Journiary" */;
			developmentRegion = en;
			hasScannedForEncodings = 0;
			knownRegions = (
				en,
				Base,
			);
			mainGroup = 761954CC2DF57EB6003E92C7;
			minimizedProjectReferenceProxies = 1;
			packageReferences = (
				765555A02E19B6B800434A41 /* XCRemoteSwiftPackageReference "keychain-swift" */,
				760927BC2E199B6800434A41 /* XCRemoteSwiftPackageReference "apollo-ios" */,
				762934A82E1AF2840007B6E0 /* XCLocalSwiftPackageReference "JourniaryAPI" */,
			);
			preferredProjectObjectVersion = 77;
			productRefGroup = 761954D62DF57EB6003E92C7 /* Products */;
			projectDirPath = "";
			projectRoot = "";
			targets = (
				761954D42DF57EB6003E92C7 /* Journiary */,
				761954E82DF57EB7003E92C7 /* JourniaryTests */,
				761954F22DF57EB7003E92C7 /* JourniaryUITests */,
			);
		};
/* End PBXProject section */

/* Begin PBXResourcesBuildPhase section */
		761954D32DF57EB6003E92C7 /* Resources */ = {
			isa = PBXResourcesBuildPhase;
			buildActionMask = 2147483647;
			files = (
				761D65352E1838B40096E863 /* UserLogin.graphql in Resources */,
				761D65332E1838B40096E863 /* schema.graphqls in Resources */,
			);
			runOnlyForDeploymentPostprocessing = 0;
		};
		761954E72DF57EB7003E92C7 /* Resources */ = {
			isa = PBXResourcesBuildPhase;
			buildActionMask = 2147483647;
			files = (
			);
			runOnlyForDeploymentPostprocessing = 0;
		};
		761954F12DF57EB7003E92C7 /* Resources */ = {
			isa = PBXResourcesBuildPhase;
			buildActionMask = 2147483647;
			files = (
			);
			runOnlyForDeploymentPostprocessing = 0;
		};
/* End PBXResourcesBuildPhase section */

/* Begin PBXShellScriptBuildPhase section */
		764717032E199C32006B80E0 /* Apollo Script */ = {
			isa = PBXShellScriptBuildPhase;
			buildActionMask = 2147483647;
			files = (
			);
			inputFileListPaths = (
			);
			inputPaths = (
				"$(SRCROOT)/apollo-codegen-config.json",
			);
			name = "Apollo Script";
			outputFileListPaths = (
			);
			outputPaths = (
			);
			runOnlyForDeploymentPostprocessing = 0;
			shellPath = /bin/sh;
			shellScript = "#\n# Generates the Apollo GraphQL API files\n#\n\n# Go to the folder where the config file is located\ncd \"${SRCROOT}\"\n\n# Generate the files\n\"${SRCROOT}/../apollo-ios-cli\" generate --path ./apollo-codegen-config.json\n\n";
		};
/* End PBXShellScriptBuildPhase section */

/* Begin PBXSourcesBuildPhase section */
		761954D12DF57EB6003E92C7 /* Sources */ = {
			isa = PBXSourcesBuildPhase;
			buildActionMask = 2147483647;
			files = (
			);
			runOnlyForDeploymentPostprocessing = 0;
		};
		761954E52DF57EB7003E92C7 /* Sources */ = {
			isa = PBXSourcesBuildPhase;
			buildActionMask = 2147483647;
			files = (
			);
			runOnlyForDeploymentPostprocessing = 0;
		};
		761954EF2DF57EB7003E92C7 /* Sources */ = {
			isa = PBXSourcesBuildPhase;
			buildActionMask = 2147483647;
			files = (
			);
			runOnlyForDeploymentPostprocessing = 0;
		};
/* End PBXSourcesBuildPhase section */

/* Begin PBXTargetDependency section */
		761954EB2DF57EB7003E92C7 /* PBXTargetDependency */ = {
			isa = PBXTargetDependency;
			target = 761954D42DF57EB6003E92C7 /* Journiary */;
			targetProxy = 761954EA2DF57EB7003E92C7 /* PBXContainerItemProxy */;
		};
		761954F52DF57EB7003E92C7 /* PBXTargetDependency */ = {
			isa = PBXTargetDependency;
			target = 761954D42DF57EB6003E92C7 /* Journiary */;
			targetProxy = 761954F42DF57EB7003E92C7 /* PBXContainerItemProxy */;
		};
/* End PBXTargetDependency section */

/* Begin XCBuildConfiguration section */
		761954FD2DF57EB7003E92C7 /* Debug */ = {
			isa = XCBuildConfiguration;
			buildSettings = {
				ASSETCATALOG_COMPILER_APPICON_NAME = AppIcon;
				ASSETCATALOG_COMPILER_GLOBAL_ACCENT_COLOR_NAME = AccentColor;
				CODE_SIGN_ALLOW_ENTITLEMENTS_MODIFICATION = YES;
				CODE_SIGN_ENTITLEMENTS = Journiary/Journiary.entitlements;
				CODE_SIGN_STYLE = Automatic;
				CURRENT_PROJECT_VERSION = 1;
				DEVELOPMENT_TEAM = MA9BMRX8TH;
				ENABLE_PREVIEWS = YES;
				GENERATE_INFOPLIST_FILE = YES;
				INFOPLIST_FILE = Journiary/Info.plist;
				INFOPLIST_KEY_UIApplicationSceneManifest_Generation = YES;
				INFOPLIST_KEY_UIApplicationSupportsIndirectInputEvents = YES;
				INFOPLIST_KEY_UILaunchScreen_Generation = YES;
				INFOPLIST_KEY_UISupportedInterfaceOrientations_iPad = "UIInterfaceOrientationPortrait UIInterfaceOrientationPortraitUpsideDown UIInterfaceOrientationLandscapeLeft UIInterfaceOrientationLandscapeRight";
				INFOPLIST_KEY_UISupportedInterfaceOrientations_iPhone = "UIInterfaceOrientationPortrait UIInterfaceOrientationLandscapeLeft UIInterfaceOrientationLandscapeRight";
				LD_RUNPATH_SEARCH_PATHS = (
					"$(inherited)",
					"@executable_path/Frameworks",
				);
				MARKETING_VERSION = 1.0;
				PRODUCT_BUNDLE_IDENTIFIER = CHJB.Journiary;
				PRODUCT_NAME = "$(TARGET_NAME)";
				SUPPORTED_PLATFORMS = "iphoneos iphonesimulator";
				SUPPORTS_MACCATALYST = NO;
				SUPPORTS_MAC_DESIGNED_FOR_IPHONE_IPAD = NO;
				SWIFT_EMIT_LOC_STRINGS = YES;
				SWIFT_VERSION = 5.0;
				TARGETED_DEVICE_FAMILY = "1,2";
			};
			name = Debug;
		};
		761954FE2DF57EB7003E92C7 /* Release */ = {
			isa = XCBuildConfiguration;
			buildSettings = {
				ASSETCATALOG_COMPILER_APPICON_NAME = AppIcon;
				ASSETCATALOG_COMPILER_GLOBAL_ACCENT_COLOR_NAME = AccentColor;
				CODE_SIGN_ALLOW_ENTITLEMENTS_MODIFICATION = YES;
				CODE_SIGN_ENTITLEMENTS = Journiary/Journiary.entitlements;
				CODE_SIGN_STYLE = Automatic;
				CURRENT_PROJECT_VERSION = 1;
				DEVELOPMENT_TEAM = MA9BMRX8TH;
				ENABLE_PREVIEWS = YES;
				GENERATE_INFOPLIST_FILE = YES;
				INFOPLIST_FILE = Journiary/Info.plist;
				INFOPLIST_KEY_UIApplicationSceneManifest_Generation = YES;
				INFOPLIST_KEY_UIApplicationSupportsIndirectInputEvents = YES;
				INFOPLIST_KEY_UILaunchScreen_Generation = YES;
				INFOPLIST_KEY_UISupportedInterfaceOrientations_iPad = "UIInterfaceOrientationPortrait UIInterfaceOrientationPortraitUpsideDown UIInterfaceOrientationLandscapeLeft UIInterfaceOrientationLandscapeRight";
				INFOPLIST_KEY_UISupportedInterfaceOrientations_iPhone = "UIInterfaceOrientationPortrait UIInterfaceOrientationLandscapeLeft UIInterfaceOrientationLandscapeRight";
				LD_RUNPATH_SEARCH_PATHS = (
					"$(inherited)",
					"@executable_path/Frameworks",
				);
				MARKETING_VERSION = 1.0;
				PRODUCT_BUNDLE_IDENTIFIER = CHJB.Journiary;
				PRODUCT_NAME = "$(TARGET_NAME)";
				SUPPORTED_PLATFORMS = "iphoneos iphonesimulator";
				SUPPORTS_MACCATALYST = NO;
				SUPPORTS_MAC_DESIGNED_FOR_IPHONE_IPAD = NO;
				SWIFT_EMIT_LOC_STRINGS = YES;
				SWIFT_VERSION = 5.0;
				TARGETED_DEVICE_FAMILY = "1,2";
			};
			name = Release;
		};
		761954FF2DF57EB7003E92C7 /* Debug */ = {
			isa = XCBuildConfiguration;
			buildSettings = {
				ALWAYS_SEARCH_USER_PATHS = NO;
				ASSETCATALOG_COMPILER_GENERATE_SWIFT_ASSET_SYMBOL_EXTENSIONS = YES;
				CLANG_ANALYZER_NONNULL = YES;
				CLANG_ANALYZER_NUMBER_OBJECT_CONVERSION = YES_AGGRESSIVE;
				CLANG_CXX_LANGUAGE_STANDARD = "gnu++20";
				CLANG_ENABLE_MODULES = YES;
				CLANG_ENABLE_OBJC_ARC = YES;
				CLANG_ENABLE_OBJC_WEAK = YES;
				CLANG_WARN_BLOCK_CAPTURE_AUTORELEASING = YES;
				CLANG_WARN_BOOL_CONVERSION = YES;
				CLANG_WARN_COMMA = YES;
				CLANG_WARN_CONSTANT_CONVERSION = YES;
				CLANG_WARN_DEPRECATED_OBJC_IMPLEMENTATIONS = YES;
				CLANG_WARN_DIRECT_OBJC_ISA_USAGE = YES_ERROR;
				CLANG_WARN_DOCUMENTATION_COMMENTS = YES;
				CLANG_WARN_EMPTY_BODY = YES;
				CLANG_WARN_ENUM_CONVERSION = YES;
				CLANG_WARN_INFINITE_RECURSION = YES;
				CLANG_WARN_INT_CONVERSION = YES;
				CLANG_WARN_NON_LITERAL_NULL_CONVERSION = YES;
				CLANG_WARN_OBJC_IMPLICIT_RETAIN_SELF = YES;
				CLANG_WARN_OBJC_LITERAL_CONVERSION = YES;
				CLANG_WARN_OBJC_ROOT_CLASS = YES_ERROR;
				CLANG_WARN_QUOTED_INCLUDE_IN_FRAMEWORK_HEADER = YES;
				CLANG_WARN_RANGE_LOOP_ANALYSIS = YES;
				CLANG_WARN_STRICT_PROTOTYPES = YES;
				CLANG_WARN_SUSPICIOUS_MOVE = YES;
				CLANG_WARN_UNGUARDED_AVAILABILITY = YES_AGGRESSIVE;
				CLANG_WARN_UNREACHABLE_CODE = YES;
				CLANG_WARN__DUPLICATE_METHOD_MATCH = YES;
				COPY_PHASE_STRIP = NO;
				DEBUG_INFORMATION_FORMAT = dwarf;
				DEVELOPMENT_TEAM = MA9BMRX8TH;
				ENABLE_STRICT_OBJC_MSGSEND = YES;
				ENABLE_TESTABILITY = YES;
				ENABLE_USER_SCRIPT_SANDBOXING = NO;
				GCC_C_LANGUAGE_STANDARD = gnu17;
				GCC_DYNAMIC_NO_PIC = NO;
				GCC_NO_COMMON_BLOCKS = YES;
				GCC_OPTIMIZATION_LEVEL = 0;
				GCC_PREPROCESSOR_DEFINITIONS = (
					"DEBUG=1",
					"$(inherited)",
				);
				GCC_WARN_64_TO_32_BIT_CONVERSION = YES;
				GCC_WARN_ABOUT_RETURN_TYPE = YES_ERROR;
				GCC_WARN_UNDECLARED_SELECTOR = YES;
				GCC_WARN_UNINITIALIZED_AUTOS = YES_AGGRESSIVE;
				GCC_WARN_UNUSED_FUNCTION = YES;
				GCC_WARN_UNUSED_VARIABLE = YES;
				IPHONEOS_DEPLOYMENT_TARGET = 18.5;
				LOCALIZATION_PREFERS_STRING_CATALOGS = YES;
				MTL_ENABLE_DEBUG_INFO = INCLUDE_SOURCE;
				MTL_FAST_MATH = YES;
				ONLY_ACTIVE_ARCH = YES;
				SDKROOT = iphoneos;
				SWIFT_ACTIVE_COMPILATION_CONDITIONS = "DEBUG $(inherited)";
				SWIFT_OPTIMIZATION_LEVEL = "-Onone";
			};
			name = Debug;
		};
		761955002DF57EB7003E92C7 /* Release */ = {
			isa = XCBuildConfiguration;
			buildSettings = {
				ALWAYS_SEARCH_USER_PATHS = NO;
				ASSETCATALOG_COMPILER_GENERATE_SWIFT_ASSET_SYMBOL_EXTENSIONS = YES;
				CLANG_ANALYZER_NONNULL = YES;
				CLANG_ANALYZER_NUMBER_OBJECT_CONVERSION = YES_AGGRESSIVE;
				CLANG_CXX_LANGUAGE_STANDARD = "gnu++20";
				CLANG_ENABLE_MODULES = YES;
				CLANG_ENABLE_OBJC_ARC = YES;
				CLANG_ENABLE_OBJC_WEAK = YES;
				CLANG_WARN_BLOCK_CAPTURE_AUTORELEASING = YES;
				CLANG_WARN_BOOL_CONVERSION = YES;
				CLANG_WARN_COMMA = YES;
				CLANG_WARN_CONSTANT_CONVERSION = YES;
				CLANG_WARN_DEPRECATED_OBJC_IMPLEMENTATIONS = YES;
				CLANG_WARN_DIRECT_OBJC_ISA_USAGE = YES_ERROR;
				CLANG_WARN_DOCUMENTATION_COMMENTS = YES;
				CLANG_WARN_EMPTY_BODY = YES;
				CLANG_WARN_ENUM_CONVERSION = YES;
				CLANG_WARN_INFINITE_RECURSION = YES;
				CLANG_WARN_INT_CONVERSION = YES;
				CLANG_WARN_NON_LITERAL_NULL_CONVERSION = YES;
				CLANG_WARN_OBJC_IMPLICIT_RETAIN_SELF = YES;
				CLANG_WARN_OBJC_LITERAL_CONVERSION = YES;
				CLANG_WARN_OBJC_ROOT_CLASS = YES_ERROR;
				CLANG_WARN_QUOTED_INCLUDE_IN_FRAMEWORK_HEADER = YES;
				CLANG_WARN_RANGE_LOOP_ANALYSIS = YES;
				CLANG_WARN_STRICT_PROTOTYPES = YES;
				CLANG_WARN_SUSPICIOUS_MOVE = YES;
				CLANG_WARN_UNGUARDED_AVAILABILITY = YES_AGGRESSIVE;
				CLANG_WARN_UNREACHABLE_CODE = YES;
				CLANG_WARN__DUPLICATE_METHOD_MATCH = YES;
				COPY_PHASE_STRIP = NO;
				DEBUG_INFORMATION_FORMAT = "dwarf-with-dsym";
				DEVELOPMENT_TEAM = MA9BMRX8TH;
				ENABLE_NS_ASSERTIONS = NO;
				ENABLE_STRICT_OBJC_MSGSEND = YES;
				ENABLE_USER_SCRIPT_SANDBOXING = YES;
				GCC_C_LANGUAGE_STANDARD = gnu17;
				GCC_NO_COMMON_BLOCKS = YES;
				GCC_WARN_64_TO_32_BIT_CONVERSION = YES;
				GCC_WARN_ABOUT_RETURN_TYPE = YES_ERROR;
				GCC_WARN_UNDECLARED_SELECTOR = YES;
				GCC_WARN_UNINITIALIZED_AUTOS = YES_AGGRESSIVE;
				GCC_WARN_UNUSED_FUNCTION = YES;
				GCC_WARN_UNUSED_VARIABLE = YES;
				IPHONEOS_DEPLOYMENT_TARGET = 18.5;
				LOCALIZATION_PREFERS_STRING_CATALOGS = YES;
				MTL_ENABLE_DEBUG_INFO = NO;
				MTL_FAST_MATH = YES;
				SDKROOT = iphoneos;
				SWIFT_COMPILATION_MODE = wholemodule;
				VALIDATE_PRODUCT = YES;
			};
			name = Release;
		};
		761955022DF57EB7003E92C7 /* Debug */ = {
			isa = XCBuildConfiguration;
			buildSettings = {
				BUNDLE_LOADER = "$(TEST_HOST)";
				CODE_SIGN_STYLE = Automatic;
				CURRENT_PROJECT_VERSION = 1;
				DEVELOPMENT_TEAM = MA9BMRX8TH;
				GENERATE_INFOPLIST_FILE = YES;
				IPHONEOS_DEPLOYMENT_TARGET = 18.5;
				MARKETING_VERSION = 1.0;
				PRODUCT_BUNDLE_IDENTIFIER = CHJB.JourniaryTests;
				PRODUCT_NAME = "$(TARGET_NAME)";
				SWIFT_EMIT_LOC_STRINGS = NO;
				SWIFT_VERSION = 5.0;
				TARGETED_DEVICE_FAMILY = "1,2";
				TEST_HOST = "$(BUILT_PRODUCTS_DIR)/Journiary.app/$(BUNDLE_EXECUTABLE_FOLDER_PATH)/Journiary";
			};
			name = Debug;
		};
		761955032DF57EB7003E92C7 /* Release */ = {
			isa = XCBuildConfiguration;
			buildSettings = {
				BUNDLE_LOADER = "$(TEST_HOST)";
				CODE_SIGN_STYLE = Automatic;
				CURRENT_PROJECT_VERSION = 1;
				DEVELOPMENT_TEAM = MA9BMRX8TH;
				GENERATE_INFOPLIST_FILE = YES;
				IPHONEOS_DEPLOYMENT_TARGET = 18.5;
				MARKETING_VERSION = 1.0;
				PRODUCT_BUNDLE_IDENTIFIER = CHJB.JourniaryTests;
				PRODUCT_NAME = "$(TARGET_NAME)";
				SWIFT_EMIT_LOC_STRINGS = NO;
				SWIFT_VERSION = 5.0;
				TARGETED_DEVICE_FAMILY = "1,2";
				TEST_HOST = "$(BUILT_PRODUCTS_DIR)/Journiary.app/$(BUNDLE_EXECUTABLE_FOLDER_PATH)/Journiary";
			};
			name = Release;
		};
		761955052DF57EB7003E92C7 /* Debug */ = {
			isa = XCBuildConfiguration;
			buildSettings = {
				CODE_SIGN_STYLE = Automatic;
				CURRENT_PROJECT_VERSION = 1;
				DEVELOPMENT_TEAM = MA9BMRX8TH;
				GENERATE_INFOPLIST_FILE = YES;
				MARKETING_VERSION = 1.0;
				PRODUCT_BUNDLE_IDENTIFIER = CHJB.JourniaryUITests;
				PRODUCT_NAME = "$(TARGET_NAME)";
				SWIFT_EMIT_LOC_STRINGS = NO;
				SWIFT_VERSION = 5.0;
				TARGETED_DEVICE_FAMILY = "1,2";
				TEST_TARGET_NAME = Journiary;
			};
			name = Debug;
		};
		761955062DF57EB7003E92C7 /* Release */ = {
			isa = XCBuildConfiguration;
			buildSettings = {
				CODE_SIGN_STYLE = Automatic;
				CURRENT_PROJECT_VERSION = 1;
				DEVELOPMENT_TEAM = MA9BMRX8TH;
				GENERATE_INFOPLIST_FILE = YES;
				MARKETING_VERSION = 1.0;
				PRODUCT_BUNDLE_IDENTIFIER = CHJB.JourniaryUITests;
				PRODUCT_NAME = "$(TARGET_NAME)";
				SWIFT_EMIT_LOC_STRINGS = NO;
				SWIFT_VERSION = 5.0;
				TARGETED_DEVICE_FAMILY = "1,2";
				TEST_TARGET_NAME = Journiary;
			};
			name = Release;
		};
/* End XCBuildConfiguration section */

/* Begin XCConfigurationList section */
		761954D02DF57EB6003E92C7 /* Build configuration list for PBXProject "Journiary" */ = {
			isa = XCConfigurationList;
			buildConfigurations = (
				761954FF2DF57EB7003E92C7 /* Debug */,
				761955002DF57EB7003E92C7 /* Release */,
			);
			defaultConfigurationIsVisible = 0;
			defaultConfigurationName = Release;
		};
		761954FC2DF57EB7003E92C7 /* Build configuration list for PBXNativeTarget "Journiary" */ = {
			isa = XCConfigurationList;
			buildConfigurations = (
				761954FD2DF57EB7003E92C7 /* Debug */,
				761954FE2DF57EB7003E92C7 /* Release */,
			);
			defaultConfigurationIsVisible = 0;
			defaultConfigurationName = Release;
		};
		761955012DF57EB7003E92C7 /* Build configuration list for PBXNativeTarget "JourniaryTests" */ = {
			isa = XCConfigurationList;
			buildConfigurations = (
				761955022DF57EB7003E92C7 /* Debug */,
				761955032DF57EB7003E92C7 /* Release */,
			);
			defaultConfigurationIsVisible = 0;
			defaultConfigurationName = Release;
		};
		761955042DF57EB7003E92C7 /* Build configuration list for PBXNativeTarget "JourniaryUITests" */ = {
			isa = XCConfigurationList;
			buildConfigurations = (
				761955052DF57EB7003E92C7 /* Debug */,
				761955062DF57EB7003E92C7 /* Release */,
			);
			defaultConfigurationIsVisible = 0;
			defaultConfigurationName = Release;
		};
/* End XCConfigurationList section */

/* Begin XCLocalSwiftPackageReference section */
		762934A82E1AF2840007B6E0 /* XCLocalSwiftPackageReference "JourniaryAPI" */ = {
			isa = XCLocalSwiftPackageReference;
			relativePath = JourniaryAPI;
		};
/* End XCLocalSwiftPackageReference section */

/* Begin XCRemoteSwiftPackageReference section */
		760927BC2E199B6800434A41 /* XCRemoteSwiftPackageReference "apollo-ios" */ = {
			isa = XCRemoteSwiftPackageReference;
			repositoryURL = "https://github.com/apollographql/apollo-ios";
			requirement = {
				kind = upToNextMajorVersion;
				minimumVersion = 1.9.1;
			};
		};
		765555A02E19B6B800434A41 /* XCRemoteSwiftPackageReference "keychain-swift" */ = {
			isa = XCRemoteSwiftPackageReference;
			repositoryURL = "https://github.com/evgenyneu/keychain-swift.git";
			requirement = {
				kind = upToNextMajorVersion;
				minimumVersion = 20.0.0;
			};
		};
/* End XCRemoteSwiftPackageReference section */

/* Begin XCSwiftPackageProductDependency section */
		760927BD2E199B6800434A41 /* Apollo */ = {
			isa = XCSwiftPackageProductDependency;
			package = 760927BC2E199B6800434A41 /* XCRemoteSwiftPackageReference "apollo-ios" */;
			productName = Apollo;
		};
		760927BF2E199B6800434A41 /* ApolloAPI */ = {
			isa = XCSwiftPackageProductDependency;
			package = 760927BC2E199B6800434A41 /* XCRemoteSwiftPackageReference "apollo-ios" */;
			productName = ApolloAPI;
		};
		762934A92E1AF2840007B6E0 /* JourniaryAPI */ = {
			isa = XCSwiftPackageProductDependency;
			package = 762934A82E1AF2840007B6E0 /* XCLocalSwiftPackageReference "JourniaryAPI" */;
			productName = JourniaryAPI;
		};
		765555A12E19B6B800434A41 /* KeychainSwift */ = {
			isa = XCSwiftPackageProductDependency;
			package = 765555A02E19B6B800434A41 /* XCRemoteSwiftPackageReference "keychain-swift" */;
			productName = KeychainSwift;
		};
/* End XCSwiftPackageProductDependency section */
	};
	rootObject = 761954CD2DF57EB6003E92C7 /* Project object */;
}
